
Microsoft Visual Studio Solution File, Format Version 12.00
# Visual Studio Version 16
VisualStudioVersion = 16.0.31729.503
MinimumVisualStudioVersion = 10.0.40219.1
Project("{FAE04EC0-301F-11D3-BF4B-00C04F79EFBC}") = "Deals", "Deals.csproj", "{729BA134-4D76-4794-8557-C2DBF09D2347}"
EndProject
Global
	GlobalSection(SolutionConfigurationPlatforms) = preSolution
		Debug|Any CPU = Debug|Any CPU
		Release|Any CPU = Release|Any CPU
	EndGlobalSection
	GlobalSection(ProjectConfigurationPlatforms) = postSolution
		{729BA134-4D76-4794-8557-C2DBF09D2347}.Debug|Any CPU.ActiveCfg = Debug|Any CPU
		{729BA134-4D76-4794-8557-C2DBF09D2347}.Debug|Any CPU.Build.0 = Debug|Any CPU
		{729BA134-4D76-4794-8557-C2DBF09D2347}.Release|Any CPU.ActiveCfg = Release|Any CPU
		{729BA134-4D76-4794-8557-C2DBF09D2347}.Release|Any CPU.Build.0 = Release|Any CPU
	EndGlobalSection
	GlobalSection(SolutionProperties) = preSolution
		HideSolutionNode = FALSE
	EndGlobalSection
	GlobalSection(ExtensibilityGlobals) = postSolution
		SolutionGuid = {39A5D324-8919-474B-976A-688F4DF877DA}
	EndGlobalSection
EndGlobal
